
Microsoft Visual Studio Solution File, Format Version 12.00
# Visual Studio Version 16
VisualStudioVersion = 16.0.30204.135
MinimumVisualStudioVersion = 10.0.40219.1
Project("{FAE04EC0-301F-11D3-BF4B-00C04F79EFBC}") = "TextFilter", "TextFilter\TextFilter.csproj", "{F4E756A9-B46A-4F3A-A07D-C569DF72A40C}"
EndProject
Project("{FAE04EC0-301F-11D3-BF4B-00C04F79EFBC}") = "TextFilter.Test", "TextFilter.Test\TextFilter.Test.csproj", "{D6369517-FB3F-4D86-826B-29DBCA46026E}"
EndProject
Global
	GlobalSection(SolutionConfigurationPlatforms) = preSolution
		Debug|Any CPU = Debug|Any CPU
		Release|Any CPU = Release|Any CPU
	EndGlobalSection
	GlobalSection(ProjectConfigurationPlatforms) = postSolution
		{F4E756A9-B46A-4F3A-A07D-C569DF72A40C}.Debug|Any CPU.ActiveCfg = Debug|Any CPU
		{F4E756A9-B46A-4F3A-A07D-C569DF72A40C}.Debug|Any CPU.Build.0 = Debug|Any CPU
		{F4E756A9-B46A-4F3A-A07D-C569DF72A40C}.Release|Any CPU.ActiveCfg = Release|Any CPU
		{F4E756A9-B46A-4F3A-A07D-C569DF72A40C}.Release|Any CPU.Build.0 = Release|Any CPU
		{D6369517-FB3F-4D86-826B-29DBCA46026E}.Debug|Any CPU.ActiveCfg = Debug|Any CPU
		{D6369517-FB3F-4D86-826B-29DBCA46026E}.Debug|Any CPU.Build.0 = Debug|Any CPU
		{D6369517-FB3F-4D86-826B-29DBCA46026E}.Release|Any CPU.ActiveCfg = Release|Any CPU
		{D6369517-FB3F-4D86-826B-29DBCA46026E}.Release|Any CPU.Build.0 = Release|Any CPU
	EndGlobalSection
	GlobalSection(SolutionProperties) = preSolution
		HideSolutionNode = FALSE
	EndGlobalSection
	GlobalSection(ExtensibilityGlobals) = postSolution
		SolutionGuid = {B0707832-55D2-4E7A-9451-DFC50B69BBB7}
	EndGlobalSection
EndGlobal
